
Microsoft Visual Studio Solution File, Format Version 12.00
# Visual Studio Version 17
VisualStudioVersion = 17.14.36518.9 d17.14
MinimumVisualStudioVersion = 10.0.40219.1
Project("{FAE04EC0-301F-11D3-BF4B-00C04F79EFBC}") = "Randomizer", "Randomizer.csproj", "{9748BCF9-1AD3-4DDE-96F1-071F711C3684}"
EndProject
Global
	GlobalSection(SolutionConfigurationPlatforms) = preSolution
		Debug|Any CPU = Debug|Any CPU
		Release|Any CPU = Release|Any CPU
	EndGlobalSection
	GlobalSection(ProjectConfigurationPlatforms) = postSolution
		{9748BCF9-1AD3-4DDE-96F1-071F711C3684}.Debug|Any CPU.ActiveCfg = Debug|Any CPU
		{9748BCF9-1AD3-4DDE-96F1-071F711C3684}.Debug|Any CPU.Build.0 = Debug|Any CPU
		{9748BCF9-1AD3-4DDE-96F1-071F711C3684}.Release|Any CPU.ActiveCfg = Release|Any CPU
		{9748BCF9-1AD3-4DDE-96F1-071F711C3684}.Release|Any CPU.Build.0 = Release|Any CPU
	EndGlobalSection
	GlobalSection(SolutionProperties) = preSolution
		HideSolutionNode = FALSE
	EndGlobalSection
	GlobalSection(ExtensibilityGlobals) = postSolution
		SolutionGuid = {FFE47930-AF82-4B8A-BC6E-FB1F96170BC4}
	EndGlobalSection
EndGlobal
